
Microsoft Visual Studio Solution File, Format Version 12.00
# Visual Studio Version 17
VisualStudioVersion = 17.12.35506.116
MinimumVisualStudioVersion = 10.0.40219.1
Project("{FAE04EC0-301F-11D3-BF4B-00C04F79EFBC}") = "Demo.Web", "Demo.Web\Demo.Web.csproj", "{72795C49-B639-4278-95CF-F59D1DD7FAED}"
EndProject
Project("{FAE04EC0-301F-11D3-BF4B-00C04F79EFBC}") = "Demo.Domain", "Demo.Domain\Demo.Domain.csproj", "{73B51368-8CE5-4AED-9D8D-52E251FA6412}"
EndProject
Project("{FAE04EC0-301F-11D3-BF4B-00C04F79EFBC}") = "Demo.Application", "Demo.Application\Demo.Application.csproj", "{51551538-5D60-4A40-9E3E-FB07A764E4F9}"
EndProject
Project("{FAE04EC0-301F-11D3-BF4B-00C04F79EFBC}") = "Demo.Infrastructure", "Demo.Infrastructure\Demo.Infrastructure.csproj", "{8713E0E9-C163-413B-8E84-CE7500CB2D00}"
EndProject
Project("{FAE04EC0-301F-11D3-BF4B-00C04F79EFBC}") = "Demo.Worker", "Demo.Worker\Demo.Worker.csproj", "{EF5E8A47-9690-48AC-8DB5-F6185484CA2F}"
EndProject
Global
	GlobalSection(SolutionConfigurationPlatforms) = preSolution
		Debug|Any CPU = Debug|Any CPU
		Release|Any CPU = Release|Any CPU
	EndGlobalSection
	GlobalSection(ProjectConfigurationPlatforms) = postSolution
		{72795C49-B639-4278-95CF-F59D1DD7FAED}.Debug|Any CPU.ActiveCfg = Debug|Any CPU
		{72795C49-B639-4278-95CF-F59D1DD7FAED}.Debug|Any CPU.Build.0 = Debug|Any CPU
		{72795C49-B639-4278-95CF-F59D1DD7FAED}.Release|Any CPU.ActiveCfg = Release|Any CPU
		{72795C49-B639-4278-95CF-F59D1DD7FAED}.Release|Any CPU.Build.0 = Release|Any CPU
		{73B51368-8CE5-4AED-9D8D-52E251FA6412}.Debug|Any CPU.ActiveCfg = Debug|Any CPU
		{73B51368-8CE5-4AED-9D8D-52E251FA6412}.Debug|Any CPU.Build.0 = Debug|Any CPU
		{73B51368-8CE5-4AED-9D8D-52E251FA6412}.Release|Any CPU.ActiveCfg = Release|Any CPU
		{73B51368-8CE5-4AED-9D8D-52E251FA6412}.Release|Any CPU.Build.0 = Release|Any CPU
		{51551538-5D60-4A40-9E3E-FB07A764E4F9}.Debug|Any CPU.ActiveCfg = Debug|Any CPU
		{51551538-5D60-4A40-9E3E-FB07A764E4F9}.Debug|Any CPU.Build.0 = Debug|Any CPU
		{51551538-5D60-4A40-9E3E-FB07A764E4F9}.Release|Any CPU.ActiveCfg = Release|Any CPU
		{51551538-5D60-4A40-9E3E-FB07A764E4F9}.Release|Any CPU.Build.0 = Release|Any CPU
		{8713E0E9-C163-413B-8E84-CE7500CB2D00}.Debug|Any CPU.ActiveCfg = Debug|Any CPU
		{8713E0E9-C163-413B-8E84-CE7500CB2D00}.Debug|Any CPU.Build.0 = Debug|Any CPU
		{8713E0E9-C163-413B-8E84-CE7500CB2D00}.Release|Any CPU.ActiveCfg = Release|Any CPU
		{8713E0E9-C163-413B-8E84-CE7500CB2D00}.Release|Any CPU.Build.0 = Release|Any CPU
		{EF5E8A47-9690-48AC-8DB5-F6185484CA2F}.Debug|Any CPU.ActiveCfg = Debug|Any CPU
		{EF5E8A47-9690-48AC-8DB5-F6185484CA2F}.Debug|Any CPU.Build.0 = Debug|Any CPU
		{EF5E8A47-9690-48AC-8DB5-F6185484CA2F}.Release|Any CPU.ActiveCfg = Release|Any CPU
		{EF5E8A47-9690-48AC-8DB5-F6185484CA2F}.Release|Any CPU.Build.0 = Release|Any CPU
	EndGlobalSection
	GlobalSection(SolutionProperties) = preSolution
		HideSolutionNode = FALSE
	EndGlobalSection
EndGlobal
