
Microsoft Visual Studio Solution File, Format Version 12.00
# Visual Studio Version 17
VisualStudioVersion = 17.12.35506.116
MinimumVisualStudioVersion = 10.0.40219.1
Project("{FAE04EC0-301F-11D3-BF4B-00C04F79EFBC}") = "DevSkill.Inventory.Application", "DevSkill.Inventory.Application\DevSkill.Inventory.Application.csproj", "{725F7E7C-CDB5-7338-955C-FB85BF8D2927}"
EndProject
Project("{FAE04EC0-301F-11D3-BF4B-00C04F79EFBC}") = "DevSkill.Inventory.Domain", "DevSkill.Inventory.Domain\DevSkill.Inventory.Domain.csproj", "{A2E5720F-5E2C-1E4D-2913-7F5D9C7BE684}"
EndProject
Project("{FAE04EC0-301F-11D3-BF4B-00C04F79EFBC}") = "DevSkill.Inventory.Infrastructure", "DevSkill.Inventory.Infrastructure\DevSkill.Inventory.Infrastructure.csproj", "{DAF8E894-0665-E909-5829-D7153E0E25C2}"
EndProject
Project("{FAE04EC0-301F-11D3-BF4B-00C04F79EFBC}") = "DevSkill.Inventory.Web", "DevSkill.Inventory.Web\DevSkill.Inventory.Web.csproj", "{C2BD4484-1C5B-DDAD-4D95-B9CFFDFF030C}"
EndProject
Project("{FAE04EC0-301F-11D3-BF4B-00C04F79EFBC}") = "DevSkill.Inventory.Worker", "DevSkill.Inventory.Worker\DevSkill.Inventory.Worker.csproj", "{F3BD0E1F-BF1F-4518-A766-D24F52760F12}"
EndProject
Project("{2150E333-8FDC-42A3-9474-1A3956D46DE8}") = "Tests", "Tests", "{02EA681E-C7D8-13C7-8484-4AC65E1B71E8}"
EndProject
Project("{FAE04EC0-301F-11D3-BF4B-00C04F79EFBC}") = "DevSkill.Inventory.Application.Tests", "DevSkill.Inventory.Application.Tests\DevSkill.Inventory.Application.Tests.csproj", "{E669C082-5A9A-48BD-B725-2D86DE102146}"
EndProject
Project("{2150E333-8FDC-42A3-9474-1A3956D46DE8}") = "Libraries", "Libraries", "{3677B35B-1E47-4302-8811-34B5675BC7E5}"
EndProject
Project("{FAE04EC0-301F-11D3-BF4B-00C04F79EFBC}") = "DevSkill.Inventory.Domain.Tests", "DevSkill.Inventory.Domain.Tests\DevSkill.Inventory.Domain.Tests.csproj", "{373F3FF8-4FCE-46F1-9D10-7C189898AFC8}"
EndProject
Global
	GlobalSection(SolutionConfigurationPlatforms) = preSolution
		Debug|Any CPU = Debug|Any CPU
		Release|Any CPU = Release|Any CPU
	EndGlobalSection
	GlobalSection(ProjectConfigurationPlatforms) = postSolution
		{725F7E7C-CDB5-7338-955C-FB85BF8D2927}.Debug|Any CPU.ActiveCfg = Debug|Any CPU
		{725F7E7C-CDB5-7338-955C-FB85BF8D2927}.Debug|Any CPU.Build.0 = Debug|Any CPU
		{725F7E7C-CDB5-7338-955C-FB85BF8D2927}.Release|Any CPU.ActiveCfg = Release|Any CPU
		{725F7E7C-CDB5-7338-955C-FB85BF8D2927}.Release|Any CPU.Build.0 = Release|Any CPU
		{A2E5720F-5E2C-1E4D-2913-7F5D9C7BE684}.Debug|Any CPU.ActiveCfg = Debug|Any CPU
		{A2E5720F-5E2C-1E4D-2913-7F5D9C7BE684}.Debug|Any CPU.Build.0 = Debug|Any CPU
		{A2E5720F-5E2C-1E4D-2913-7F5D9C7BE684}.Release|Any CPU.ActiveCfg = Release|Any CPU
		{A2E5720F-5E2C-1E4D-2913-7F5D9C7BE684}.Release|Any CPU.Build.0 = Release|Any CPU
		{DAF8E894-0665-E909-5829-D7153E0E25C2}.Debug|Any CPU.ActiveCfg = Debug|Any CPU
		{DAF8E894-0665-E909-5829-D7153E0E25C2}.Debug|Any CPU.Build.0 = Debug|Any CPU
		{DAF8E894-0665-E909-5829-D7153E0E25C2}.Release|Any CPU.ActiveCfg = Release|Any CPU
		{DAF8E894-0665-E909-5829-D7153E0E25C2}.Release|Any CPU.Build.0 = Release|Any CPU
		{C2BD4484-1C5B-DDAD-4D95-B9CFFDFF030C}.Debug|Any CPU.ActiveCfg = Debug|Any CPU
		{C2BD4484-1C5B-DDAD-4D95-B9CFFDFF030C}.Debug|Any CPU.Build.0 = Debug|Any CPU
		{C2BD4484-1C5B-DDAD-4D95-B9CFFDFF030C}.Release|Any CPU.ActiveCfg = Release|Any CPU
		{C2BD4484-1C5B-DDAD-4D95-B9CFFDFF030C}.Release|Any CPU.Build.0 = Release|Any CPU
		{F3BD0E1F-BF1F-4518-A766-D24F52760F12}.Debug|Any CPU.ActiveCfg = Debug|Any CPU
		{F3BD0E1F-BF1F-4518-A766-D24F52760F12}.Debug|Any CPU.Build.0 = Debug|Any CPU
		{F3BD0E1F-BF1F-4518-A766-D24F52760F12}.Release|Any CPU.ActiveCfg = Release|Any CPU
		{F3BD0E1F-BF1F-4518-A766-D24F52760F12}.Release|Any CPU.Build.0 = Release|Any CPU
		{E669C082-5A9A-48BD-B725-2D86DE102146}.Debug|Any CPU.ActiveCfg = Debug|Any CPU
		{E669C082-5A9A-48BD-B725-2D86DE102146}.Debug|Any CPU.Build.0 = Debug|Any CPU
		{E669C082-5A9A-48BD-B725-2D86DE102146}.Release|Any CPU.ActiveCfg = Release|Any CPU
		{E669C082-5A9A-48BD-B725-2D86DE102146}.Release|Any CPU.Build.0 = Release|Any CPU
		{373F3FF8-4FCE-46F1-9D10-7C189898AFC8}.Debug|Any CPU.ActiveCfg = Debug|Any CPU
		{373F3FF8-4FCE-46F1-9D10-7C189898AFC8}.Debug|Any CPU.Build.0 = Debug|Any CPU
		{373F3FF8-4FCE-46F1-9D10-7C189898AFC8}.Release|Any CPU.ActiveCfg = Release|Any CPU
		{373F3FF8-4FCE-46F1-9D10-7C189898AFC8}.Release|Any CPU.Build.0 = Release|Any CPU
	EndGlobalSection
	GlobalSection(SolutionProperties) = preSolution
		HideSolutionNode = FALSE
	EndGlobalSection
	GlobalSection(NestedProjects) = preSolution
		{725F7E7C-CDB5-7338-955C-FB85BF8D2927} = {3677B35B-1E47-4302-8811-34B5675BC7E5}
		{A2E5720F-5E2C-1E4D-2913-7F5D9C7BE684} = {3677B35B-1E47-4302-8811-34B5675BC7E5}
		{DAF8E894-0665-E909-5829-D7153E0E25C2} = {3677B35B-1E47-4302-8811-34B5675BC7E5}
		{E669C082-5A9A-48BD-B725-2D86DE102146} = {02EA681E-C7D8-13C7-8484-4AC65E1B71E8}
		{373F3FF8-4FCE-46F1-9D10-7C189898AFC8} = {02EA681E-C7D8-13C7-8484-4AC65E1B71E8}
	EndGlobalSection
	GlobalSection(ExtensibilityGlobals) = postSolution
		SolutionGuid = {8EFE9C30-79CC-479F-8C66-868DA4B867BF}
	EndGlobalSection
EndGlobal
